PODS:
  - Alamofire (5.5.0)
  - Realm (10.25.0):
    - Realm/Headers (= 10.25.0)
  - Realm/Headers (10.25.0)
  - RealmSwift (10.25.0):
    - Realm (= 10.25.0)
  - SwiftyJSON (5.0.1)

DEPENDENCIES:
  - Alamofire
  - RealmSwift (~> 10)
  - SwiftyJSON

SPEC REPOS:
  trunk:
    - Alamofire
    - Realm
    - RealmSwift
    - SwiftyJSON

SPEC CHECKSUMS:
  Alamofire: 1c4fb5369c3fe93d2857c780d8bbe09f06f97e7c
  Realm: 22a82aaa0e73f3483e3a6df32549c4c5cd34aa63
  RealmSwift: c2a635212400923edd3f828b8a37d55d3eb31863
  SwiftyJSON: 2f33a42c6fbc52764d96f13368585094bfd8aa5e

PODFILE CHECKSUM: 23b4dab232947f1cfee87d9b9304869f994b414d

COCOAPODS: 1.11.3
